// !$*UTF8*$!
{
	archiveVersion = 1;
	classes = {
	};
	objectVersion = 77;
	objects = {

/* Begin PBXBuildFile section */
		0593855B2DE6724D34070E9A /* Sync in Frameworks */ = {isa = PBXBuildFile; productRef = 44265536B2A75A8C692B56E7 /* Sync */; };
		05DDFDA13511180ED8017FB5 /* ShiftTapTests.swift in Sources */ = {isa = PBXBuildFile; fileRef = B6F7FB4D3AD835B70E02C3BD /* ShiftTapTests.swift */; };
		0853183E724CA3FFD629E9AB /* LayoutActionTests.swift in Sources */ = {isa = PBXBuildFile; fileRef = B242AD899D5F22E14E0FD52F /* LayoutActionTests.swift */; };
		281A1A5B2A7FF302D4DB0A8E /* CompositionCommitTests.swift in Sources */ = {isa = PBXBuildFile; fileRef = E77E38C18B7C310A56046C08 /* CompositionCommitTests.swift */; };
		2A5A2CAC377770BEB20A1970 /* WebDAVClientTests.swift in Sources */ = {isa = PBXBuildFile; fileRef = 4D0ACD50DF9DD83F0C85C1C6 /* WebDAVClientTests.swift */; };
		3F4378D52A908AEBCC950E95 /* RimeEngine in Frameworks */ = {isa = PBXBuildFile; productRef = C3E02357FFA6EC42F437584A /* RimeEngine */; };
		4FB2916766D1AD3C672DCAAC /* Models in Frameworks */ = {isa = PBXBuildFile; productRef = F9189F850E6223AA5030D809 /* Models */; };
		7751BF9CF58BF78FE0747D9B /* Assets.xcassets in Resources */ = {isa = PBXBuildFile; fileRef = 7D38D15D82BEF4CEED3444A3 /* Assets.xcassets */; };
		7D7AF0A974E9EE2E33427F59 /* SettingsView.swift in Sources */ = {isa = PBXBuildFile; fileRef = 2CF0539FE032AB8A2E6216DC /* SettingsView.swift */; };
		87F84CF28FA364F4483B828A /* LaunchScreen.storyboard in Resources */ = {isa = PBXBuildFile; fileRef = F5F306CD883ECA58DD8F13DA /* LaunchScreen.storyboard */; };
		8F72F69F0370F30221A4788A /* KeyboardUI in Frameworks */ = {isa = PBXBuildFile; productRef = 2541843732188F8E55BE7392 /* KeyboardUI */; };
		935C76712321EC8818FD4177 /* InputController.swift in Sources */ = {isa = PBXBuildFile; fileRef = 8C030032E8865EEAA81E2EC9 /* InputController.swift */; };
		969AB467B0A4051BE6E9032C /* Models in Frameworks */ = {isa = PBXBuildFile; productRef = C839A22700EA32BE084428C0 /* Models */; };
		9705200D2B527B8A601BF382 /* SyncToastTests.swift in Sources */ = {isa = PBXBuildFile; fileRef = 30D468055C2C2BD10C72597C /* SyncToastTests.swift */; };
		9AA64A0251A4F3BFABFB5016 /* Models in Frameworks */ = {isa = PBXBuildFile; productRef = 01472C7BEA1739BDFF2D5CE2 /* Models */; };
		A6AED39B558435213856CA79 /* ThemeTests.swift in Sources */ = {isa = PBXBuildFile; fileRef = 2B6E8DA818C2039DF8F8DC30 /* ThemeTests.swift */; };
		B0C9604B3BD073D71330A69D /* QuillKeyboard.appex in Embed Foundation Extensions */ = {isa = PBXBuildFile; fileRef = 1943A85F6240585773C78DF0 /* QuillKeyboard.appex */; settings = {ATTRIBUTES = (RemoveHeadersOnCopy, ); }; };
		B0EA2C8C38D7EC013DF55067 /* RimeEngine in Frameworks */ = {isa = PBXBuildFile; productRef = 60F2FC1695A415863F437D01 /* RimeEngine */; };
		B7529F2A32CCEB1A03B337A7 /* Sync in Frameworks */ = {isa = PBXBuildFile; productRef = 8C8EF1AB9532971F77D5D1C5 /* Sync */; };
		C41957B31D9DC1943DC005AC /* Sync in Frameworks */ = {isa = PBXBuildFile; productRef = 10C5BDD3B7F785C041FF7F4A /* Sync */; };
		D693110B075CE79760C2F662 /* CandidateGridLayoutTests.swift in Sources */ = {isa = PBXBuildFile; fileRef = 8F7F92E59E92D38BC5A0D43D /* CandidateGridLayoutTests.swift */; };
		D718949F3CECEC51C773343A /* QuillApp.swift in Sources */ = {isa = PBXBuildFile; fileRef = D684D75A63D67736FD91E365 /* QuillApp.swift */; };
		D9FDCB84D586D6C699CE16C5 /* KeyboardUI in Frameworks */ = {isa = PBXBuildFile; productRef = 3D06582F475F825F8DF123D6 /* KeyboardUI */; };
		EDA0FD66E2E623992CAE6DE0 /* RowLayoutTests.swift in Sources */ = {isa = PBXBuildFile; fileRef = EB935A3A503C65B092561B45 /* RowLayoutTests.swift */; };
		F0973E945DE560284A9CF30A /* RimeEngine in Frameworks */ = {isa = PBXBuildFile; productRef = CB703CB693786EECD43A10D2 /* RimeEngine */; };
/* End PBXBuildFile section */

/* Begin PBXContainerItemProxy section */
		B5F8978AFE7D0D4A46F09207 /* PBXContainerItemProxy */ = {
			isa = PBXContainerItemProxy;
			containerPortal = 1D419A2DB66B4CDAD3E67ECA /* Project object */;
			proxyType = 1;
			remoteGlobalIDString = 74E3ECC40DAFEF67B8C49CCA;
			remoteInfo = QuillKeyboard;
		};
/* End PBXContainerItemProxy section */

/* Begin PBXCopyFilesBuildPhase section */
		5DD30BF81D90143A1FD8DB14 /* Embed Foundation Extensions */ = {
			isa = PBXCopyFilesBuildPhase;
			buildActionMask = 2147483647;
			dstPath = "";
			dstSubfolderSpec = 13;
			files = (
				B0C9604B3BD073D71330A69D /* QuillKeyboard.appex in Embed Foundation Extensions */,
			);
			name = "Embed Foundation Extensions";
			runOnlyForDeploymentPostprocessing = 0;
		};
/* End PBXCopyFilesBuildPhase section */

/* Begin PBXFileReference section */
		0DBE22D21ADC2F0225DF0411 /* Quill.app */ = {isa = PBXFileReference; includeInIndex = 0; lastKnownFileType = wrapper.application; path = Quill.app; sourceTree = BUILT_PRODUCTS_DIR; };
		1943A85F6240585773C78DF0 /* QuillKeyboard.appex */ = {isa = PBXFileReference; includeInIndex = 0; lastKnownFileType = "wrapper.app-extension"; path = QuillKeyboard.appex; sourceTree = BUILT_PRODUCTS_DIR; };
		256E354C849F09BF69314E24 /* Info.plist */ = {isa = PBXFileReference; lastKnownFileType = text.plist; path = Info.plist; sourceTree = "<group>"; };
		2B6E8DA818C2039DF8F8DC30 /* ThemeTests.swift */ = {isa = PBXFileReference; lastKnownFileType = sourcecode.swift; path = ThemeTests.swift; sourceTree = "<group>"; };
		2CA6916E75E8F0E708D037A0 /* KeyboardUI */ = {isa = PBXFileReference; lastKnownFileType = folder; name = KeyboardUI; path = Packages/KeyboardUI; sourceTree = SOURCE_ROOT; };
		2CF0539FE032AB8A2E6216DC /* SettingsView.swift */ = {isa = PBXFileReference; lastKnownFileType = sourcecode.swift; path = SettingsView.swift; sourceTree = "<group>"; };
		2F4375A49C9A6A45AC99B711 /* Sync */ = {isa = PBXFileReference; lastKnownFileType = folder; name = Sync; path = Packages/Sync; sourceTree = SOURCE_ROOT; };
		30D468055C2C2BD10C72597C /* SyncToastTests.swift */ = {isa = PBXFileReference; lastKnownFileType = sourcecode.swift; path = SyncToastTests.swift; sourceTree = "<group>"; };
		39505C29727ACD13151CC29C /* Models */ = {isa = PBXFileReference; lastKnownFileType = folder; name = Models; path = Packages/Models; sourceTree = SOURCE_ROOT; };
		4D0ACD50DF9DD83F0C85C1C6 /* WebDAVClientTests.swift */ = {isa = PBXFileReference; lastKnownFileType = sourcecode.swift; path = WebDAVClientTests.swift; sourceTree = "<group>"; };
		762A754797A6ACC34A3FF6D7 /* Info.plist */ = {isa = PBXFileReference; lastKnownFileType = text.plist; path = Info.plist; sourceTree = "<group>"; };
		7D38D15D82BEF4CEED3444A3 /* Assets.xcassets */ = {isa = PBXFileReference; lastKnownFileType = folder.assetcatalog; path = Assets.xcassets; sourceTree = "<group>"; };
		8C030032E8865EEAA81E2EC9 /* InputController.swift */ = {isa = PBXFileReference; lastKnownFileType = sourcecode.swift; path = InputController.swift; sourceTree = "<group>"; };
		8D0561D3916CADE793F1B8EC /* Quill.entitlements */ = {isa = PBXFileReference; lastKnownFileType = text.plist.entitlements; path = Quill.entitlements; sourceTree = "<group>"; };
		8F7F92E59E92D38BC5A0D43D /* CandidateGridLayoutTests.swift */ = {isa = PBXFileReference; lastKnownFileType = sourcecode.swift; path = CandidateGridLayoutTests.swift; sourceTree = "<group>"; };
		B242AD899D5F22E14E0FD52F /* LayoutActionTests.swift */ = {isa = PBXFileReference; lastKnownFileType = sourcecode.swift; path = LayoutActionTests.swift; sourceTree = "<group>"; };
		B6F7FB4D3AD835B70E02C3BD /* ShiftTapTests.swift */ = {isa = PBXFileReference; lastKnownFileType = sourcecode.swift; path = ShiftTapTests.swift; sourceTree = "<group>"; };
		D684D75A63D67736FD91E365 /* QuillApp.swift */ = {isa = PBXFileReference; lastKnownFileType = sourcecode.swift; path = QuillApp.swift; sourceTree = "<group>"; };
		E138D7C83C6AE2CF6265B789 /* RimeEngine */ = {isa = PBXFileReference; lastKnownFileType = folder; name = RimeEngine; path = Packages/RimeEngine; sourceTree = SOURCE_ROOT; };
		E77E38C18B7C310A56046C08 /* CompositionCommitTests.swift */ = {isa = PBXFileReference; lastKnownFileType = sourcecode.swift; path = CompositionCommitTests.swift; sourceTree = "<group>"; };
		EB935A3A503C65B092561B45 /* RowLayoutTests.swift */ = {isa = PBXFileReference; lastKnownFileType = sourcecode.swift; path = RowLayoutTests.swift; sourceTree = "<group>"; };
		F5F306CD883ECA58DD8F13DA /* LaunchScreen.storyboard */ = {isa = PBXFileReference; lastKnownFileType = file.storyboard; path = LaunchScreen.storyboard; sourceTree = "<group>"; };
		F81FEA1E583FA942292E8F70 /* QuillKeyboard.entitlements */ = {isa = PBXFileReference; lastKnownFileType = text.plist.entitlements; path = QuillKeyboard.entitlements; sourceTree = "<group>"; };
		FC209FEECE0A58329F76E74F /* QuillKeyboardUITests.xctest */ = {isa = PBXFileReference; includeInIndex = 0; lastKnownFileType = wrapper.cfbundle; path = QuillKeyboardUITests.xctest; sourceTree = BUILT_PRODUCTS_DIR; };
/* End PBXFileReference section */

/* Begin PBXFrameworksBuildPhase section */
		2D4CE45066D97256E58075D2 /* Frameworks */ = {
			isa = PBXFrameworksBuildPhase;
			buildActionMask = 2147483647;
			files = (
				F0973E945DE560284A9CF30A /* RimeEngine in Frameworks */,
				969AB467B0A4051BE6E9032C /* Models in Frameworks */,
				D9FDCB84D586D6C699CE16C5 /* KeyboardUI in Frameworks */,
				B7529F2A32CCEB1A03B337A7 /* Sync in Frameworks */,
			);
			runOnlyForDeploymentPostprocessing = 0;
		};
		DDB825523B9B6D8F10AA6839 /* Frameworks */ = {
			isa = PBXFrameworksBuildPhase;
			buildActionMask = 2147483647;
			files = (
				8F72F69F0370F30221A4788A /* KeyboardUI in Frameworks */,
				3F4378D52A908AEBCC950E95 /* RimeEngine in Frameworks */,
				4FB2916766D1AD3C672DCAAC /* Models in Frameworks */,
				0593855B2DE6724D34070E9A /* Sync in Frameworks */,
			);
			runOnlyForDeploymentPostprocessing = 0;
		};
		FB3C5DE1C2E5C943BC23D630 /* Frameworks */ = {
			isa = PBXFrameworksBuildPhase;
			buildActionMask = 2147483647;
			files = (
				B0EA2C8C38D7EC013DF55067 /* RimeEngine in Frameworks */,
				9AA64A0251A4F3BFABFB5016 /* Models in Frameworks */,
				C41957B31D9DC1943DC005AC /* Sync in Frameworks */,
			);
			runOnlyForDeploymentPostprocessing = 0;
		};
/* End PBXFrameworksBuildPhase section */

/* Begin PBXGroup section */
		574FA7F4F56686AF305E9580 /* Products */ = {
			isa = PBXGroup;
			children = (
				0DBE22D21ADC2F0225DF0411 /* Quill.app */,
				1943A85F6240585773C78DF0 /* QuillKeyboard.appex */,
				FC209FEECE0A58329F76E74F /* QuillKeyboardUITests.xctest */,
			);
			name = Products;
			sourceTree = "<group>";
		};
		577859B0867F82EBE76535CA = {
			isa = PBXGroup;
			children = (
				F71CAFDFE12235C9CA44D892 /* App */,
				A575C325117E7F87D3EAAD73 /* Packages */,
				9DCA4911A075C32CB4BBC597 /* QuillKeyboard */,
				87AB8EC7306978AA266B9317 /* QuillKeyboardUITests */,
				574FA7F4F56686AF305E9580 /* Products */,
			);
			sourceTree = "<group>";
		};
		87AB8EC7306978AA266B9317 /* QuillKeyboardUITests */ = {
			isa = PBXGroup;
			children = (
				8F7F92E59E92D38BC5A0D43D /* CandidateGridLayoutTests.swift */,
				E77E38C18B7C310A56046C08 /* CompositionCommitTests.swift */,
				B242AD899D5F22E14E0FD52F /* LayoutActionTests.swift */,
				EB935A3A503C65B092561B45 /* RowLayoutTests.swift */,
				B6F7FB4D3AD835B70E02C3BD /* ShiftTapTests.swift */,
				30D468055C2C2BD10C72597C /* SyncToastTests.swift */,
				2B6E8DA818C2039DF8F8DC30 /* ThemeTests.swift */,
				4D0ACD50DF9DD83F0C85C1C6 /* WebDAVClientTests.swift */,
			);
			path = QuillKeyboardUITests;
			sourceTree = "<group>";
		};
		9DCA4911A075C32CB4BBC597 /* QuillKeyboard */ = {
			isa = PBXGroup;
			children = (
				762A754797A6ACC34A3FF6D7 /* Info.plist */,
				8C030032E8865EEAA81E2EC9 /* InputController.swift */,
				F81FEA1E583FA942292E8F70 /* QuillKeyboard.entitlements */,
			);
			path = QuillKeyboard;
			sourceTree = "<group>";
		};
		A575C325117E7F87D3EAAD73 /* Packages */ = {
			isa = PBXGroup;
			children = (
				2CA6916E75E8F0E708D037A0 /* KeyboardUI */,
				39505C29727ACD13151CC29C /* Models */,
				E138D7C83C6AE2CF6265B789 /* RimeEngine */,
				2F4375A49C9A6A45AC99B711 /* Sync */,
			);
			path = Packages;
			sourceTree = "<group>";
		};
		F71CAFDFE12235C9CA44D892 /* App */ = {
			isa = PBXGroup;
			children = (
				7D38D15D82BEF4CEED3444A3 /* Assets.xcassets */,
				256E354C849F09BF69314E24 /* Info.plist */,
				F5F306CD883ECA58DD8F13DA /* LaunchScreen.storyboard */,
				8D0561D3916CADE793F1B8EC /* Quill.entitlements */,
				D684D75A63D67736FD91E365 /* QuillApp.swift */,
				2CF0539FE032AB8A2E6216DC /* SettingsView.swift */,
			);
			path = App;
			sourceTree = "<group>";
		};
/* End PBXGroup section */

/* Begin PBXNativeTarget section */
		74E3ECC40DAFEF67B8C49CCA /* QuillKeyboard */ = {
			isa = PBXNativeTarget;
			buildConfigurationList = 4662593F9989E74A9E905376 /* Build configuration list for PBXNativeTarget "QuillKeyboard" */;
			buildPhases = (
				ED8D0D1EFE76433E9669B90A /* Sources */,
				2D4CE45066D97256E58075D2 /* Frameworks */,
			);
			buildRules = (
			);
			dependencies = (
			);
			name = QuillKeyboard;
			packageProductDependencies = (
				CB703CB693786EECD43A10D2 /* RimeEngine */,
				C839A22700EA32BE084428C0 /* Models */,
				3D06582F475F825F8DF123D6 /* KeyboardUI */,
				8C8EF1AB9532971F77D5D1C5 /* Sync */,
			);
			productName = QuillKeyboard;
			productReference = 1943A85F6240585773C78DF0 /* QuillKeyboard.appex */;
			productType = "com.apple.product-type.app-extension";
		};
		7DEF7B1DAF0532C32746D151 /* Quill */ = {
			isa = PBXNativeTarget;
			buildConfigurationList = 626C6C6011A78070956F318B /* Build configuration list for PBXNativeTarget "Quill" */;
			buildPhases = (
				41377938FC3551FBB87FB421 /* Copy SharedSupport */,
				7A1334224C98F7465D65136E /* Sources */,
				67CD0C1E188A80AB55F1C449 /* Resources */,
				FB3C5DE1C2E5C943BC23D630 /* Frameworks */,
				5DD30BF81D90143A1FD8DB14 /* Embed Foundation Extensions */,
			);
			buildRules = (
			);
			dependencies = (
				2C8AAB2826250184A29851E4 /* PBXTargetDependency */,
			);
			name = Quill;
			packageProductDependencies = (
				60F2FC1695A415863F437D01 /* RimeEngine */,
				01472C7BEA1739BDFF2D5CE2 /* Models */,
				10C5BDD3B7F785C041FF7F4A /* Sync */,
			);
			productName = Quill;
			productReference = 0DBE22D21ADC2F0225DF0411 /* Quill.app */;
			productType = "com.apple.product-type.application";
		};
		9089A8262B14721163D938EB /* QuillKeyboardUITests */ = {
			isa = PBXNativeTarget;
			buildConfigurationList = B68B06F871FFC1D40DDEE8D8 /* Build configuration list for PBXNativeTarget "QuillKeyboardUITests" */;
			buildPhases = (
				C7E933BB8BC95F3328C26C9D /* Sources */,
				DDB825523B9B6D8F10AA6839 /* Frameworks */,
			);
			buildRules = (
			);
			dependencies = (
			);
			name = QuillKeyboardUITests;
			packageProductDependencies = (
				2541843732188F8E55BE7392 /* KeyboardUI */,
				C3E02357FFA6EC42F437584A /* RimeEngine */,
				F9189F850E6223AA5030D809 /* Models */,
				44265536B2A75A8C692B56E7 /* Sync */,
			);
			productName = QuillKeyboardUITests;
			productReference = FC209FEECE0A58329F76E74F /* QuillKeyboardUITests.xctest */;
			productType = "com.apple.product-type.bundle.unit-test";
		};
/* End PBXNativeTarget section */

/* Begin PBXProject section */
		1D419A2DB66B4CDAD3E67ECA /* Project object */ = {
			isa = PBXProject;
			attributes = {
				BuildIndependentTargetsInParallel = YES;
				LastUpgradeCheck = 1430;
				TargetAttributes = {
				};
			};
			buildConfigurationList = 687645BADF2A1CD9BA5D6451 /* Build configuration list for PBXProject "Quill" */;
			developmentRegion = en;
			hasScannedForEncodings = 0;
			knownRegions = (
				Base,
				en,
			);
			mainGroup = 577859B0867F82EBE76535CA;
			minimizedProjectReferenceProxies = 1;
			packageReferences = (
				5B73F2194AF0A469412B59CA /* XCLocalSwiftPackageReference "Packages/KeyboardUI" */,
				35F8A13E009E3E50E35CC124 /* XCLocalSwiftPackageReference "Packages/Models" */,
				A065D6E95F8850E08C044151 /* XCLocalSwiftPackageReference "Packages/RimeEngine" */,
				AA7D5B3F77733F125556A8E4 /* XCLocalSwiftPackageReference "Packages/Sync" */,
			);
			preferredProjectObjectVersion = 77;
			productRefGroup = 574FA7F4F56686AF305E9580 /* Products */;
			projectDirPath = "";
			projectRoot = "";
			targets = (
				7DEF7B1DAF0532C32746D151 /* Quill */,
				74E3ECC40DAFEF67B8C49CCA /* QuillKeyboard */,
				9089A8262B14721163D938EB /* QuillKeyboardUITests */,
			);
		};
/* End PBXProject section */

/* Begin PBXResourcesBuildPhase section */
		67CD0C1E188A80AB55F1C449 /* Resources */ = {
			isa = PBXResourcesBuildPhase;
			buildActionMask = 2147483647;
			files = (
				7751BF9CF58BF78FE0747D9B /* Assets.xcassets in Resources */,
				87F84CF28FA364F4483B828A /* LaunchScreen.storyboard in Resources */,
			);
			runOnlyForDeploymentPostprocessing = 0;
		};
/* End PBXResourcesBuildPhase section */

/* Begin PBXShellScriptBuildPhase section */
		41377938FC3551FBB87FB421 /* Copy SharedSupport */ = {
			isa = PBXShellScriptBuildPhase;
			alwaysOutOfDate = 1;
			buildActionMask = 2147483647;
			files = (
			);
			inputFileListPaths = (
			);
			inputPaths = (
			);
			name = "Copy SharedSupport";
			outputFileListPaths = (
			);
			outputPaths = (
			);
			runOnlyForDeploymentPostprocessing = 0;
			shellPath = /bin/sh;
			shellScript = "rm -rf \"${BUILT_PRODUCTS_DIR}/${PRODUCT_NAME}.app/SharedSupport\" && cp -R \"${SRCROOT}/Resources/SharedSupport\" \"${BUILT_PRODUCTS_DIR}/${PRODUCT_NAME}.app/SharedSupport\"";
		};
/* End PBXShellScriptBuildPhase section */

/* Begin PBXSourcesBuildPhase section */
		7A1334224C98F7465D65136E /* Sources */ = {
			isa = PBXSourcesBuildPhase;
			buildActionMask = 2147483647;
			files = (
				D718949F3CECEC51C773343A /* QuillApp.swift in Sources */,
				7D7AF0A974E9EE2E33427F59 /* SettingsView.swift in Sources */,
			);
			runOnlyForDeploymentPostprocessing = 0;
		};
		C7E933BB8BC95F3328C26C9D /* Sources */ = {
			isa = PBXSourcesBuildPhase;
			buildActionMask = 2147483647;
			files = (
				D693110B075CE79760C2F662 /* CandidateGridLayoutTests.swift in Sources */,
				281A1A5B2A7FF302D4DB0A8E /* CompositionCommitTests.swift in Sources */,
				0853183E724CA3FFD629E9AB /* LayoutActionTests.swift in Sources */,
				EDA0FD66E2E623992CAE6DE0 /* RowLayoutTests.swift in Sources */,
				05DDFDA13511180ED8017FB5 /* ShiftTapTests.swift in Sources */,
				9705200D2B527B8A601BF382 /* SyncToastTests.swift in Sources */,
				A6AED39B558435213856CA79 /* ThemeTests.swift in Sources */,
				2A5A2CAC377770BEB20A1970 /* WebDAVClientTests.swift in Sources */,
			);
			runOnlyForDeploymentPostprocessing = 0;
		};
		ED8D0D1EFE76433E9669B90A /* Sources */ = {
			isa = PBXSourcesBuildPhase;
			buildActionMask = 2147483647;
			files = (
				935C76712321EC8818FD4177 /* InputController.swift in Sources */,
			);
			runOnlyForDeploymentPostprocessing = 0;
		};
/* End PBXSourcesBuildPhase section */

/* Begin PBXTargetDependency section */
		2C8AAB2826250184A29851E4 /* PBXTargetDependency */ = {
			isa = PBXTargetDependency;
			target = 74E3ECC40DAFEF67B8C49CCA /* QuillKeyboard */;
			targetProxy = B5F8978AFE7D0D4A46F09207 /* PBXContainerItemProxy */;
		};
/* End PBXTargetDependency section */

/* Begin XCBuildConfiguration section */
		0557A5149EC172623E0B7934 /* Release */ = {
			isa = XCBuildConfiguration;
			buildSettings = {
				ASSETCATALOG_COMPILER_APPICON_NAME = AppIcon;
				CODE_SIGN_ENTITLEMENTS = App/Quill.entitlements;
				CODE_SIGN_IDENTITY = "iPhone Developer";
				INFOPLIST_FILE = App/Info.plist;
				INFOPLIST_KEY_UIApplicationSceneManifest_Generation = YES;
				LD_RUNPATH_SEARCH_PATHS = (
					"$(inherited)",
					"@executable_path/Frameworks",
				);
				PRODUCT_BUNDLE_IDENTIFIER = art.anjing.quill;
				SDKROOT = iphoneos;
				TARGETED_DEVICE_FAMILY = "1,2";
			};
			name = Release;
		};
		0D12D838EC47525C8046AA9D /* Debug */ = {
			isa = XCBuildConfiguration;
			buildSettings = {
				CODE_SIGN_ENTITLEMENTS = QuillKeyboard/QuillKeyboard.entitlements;
				INFOPLIST_FILE = QuillKeyboard/Info.plist;
				LD_RUNPATH_SEARCH_PATHS = (
					"$(inherited)",
					"@executable_path/Frameworks",
					"@executable_path/../../Frameworks",
				);
				PRODUCT_BUNDLE_IDENTIFIER = art.anjing.quill.keyboard;
				SDKROOT = iphoneos;
				TARGETED_DEVICE_FAMILY = "1,2";
			};
			name = Debug;
		};
		37E5D1457A5E1AFF6202984D /* Release */ = {
			isa = XCBuildConfiguration;
			buildSettings = {
				CODE_SIGN_ENTITLEMENTS = QuillKeyboard/QuillKeyboard.entitlements;
				INFOPLIST_FILE = QuillKeyboard/Info.plist;
				LD_RUNPATH_SEARCH_PATHS = (
					"$(inherited)",
					"@executable_path/Frameworks",
					"@executable_path/../../Frameworks",
				);
				PRODUCT_BUNDLE_IDENTIFIER = art.anjing.quill.keyboard;
				SDKROOT = iphoneos;
				TARGETED_DEVICE_FAMILY = "1,2";
			};
			name = Release;
		};
		6CECB412EFAB59D41541A73D /* Debug */ = {
			isa = XCBuildConfiguration;
			buildSettings = {
				BUNDLE_LOADER = "$(TEST_HOST)";
				GENERATE_INFOPLIST_FILE = YES;
				LD_RUNPATH_SEARCH_PATHS = (
					"$(inherited)",
					"@executable_path/Frameworks",
					"@loader_path/Frameworks",
				);
				PRODUCT_BUNDLE_IDENTIFIER = art.anjing.quill.keyboarduitests;
				SDKROOT = iphoneos;
				TARGETED_DEVICE_FAMILY = "1,2";
			};
			name = Debug;
		};
		768456C9FA236FC3EE00B8A1 /* Release */ = {
			isa = XCBuildConfiguration;
			buildSettings = {
				BUNDLE_LOADER = "$(TEST_HOST)";
				GENERATE_INFOPLIST_FILE = YES;
				LD_RUNPATH_SEARCH_PATHS = (
					"$(inherited)",
					"@executable_path/Frameworks",
					"@loader_path/Frameworks",
				);
				PRODUCT_BUNDLE_IDENTIFIER = art.anjing.quill.keyboarduitests;
				SDKROOT = iphoneos;
				TARGETED_DEVICE_FAMILY = "1,2";
			};
			name = Release;
		};
		76D9E6709DC61788E7520A2A /* Debug */ = {
			isa = XCBuildConfiguration;
			buildSettings = {
				ASSETCATALOG_COMPILER_APPICON_NAME = AppIcon;
				CODE_SIGN_ENTITLEMENTS = App/Quill.entitlements;
				CODE_SIGN_IDENTITY = "iPhone Developer";
				INFOPLIST_FILE = App/Info.plist;
				INFOPLIST_KEY_UIApplicationSceneManifest_Generation = YES;
				LD_RUNPATH_SEARCH_PATHS = (
					"$(inherited)",
					"@executable_path/Frameworks",
				);
				PRODUCT_BUNDLE_IDENTIFIER = art.anjing.quill;
				SDKROOT = iphoneos;
				TARGETED_DEVICE_FAMILY = "1,2";
			};
			name = Debug;
		};
		8A763C425FD4792EF7303A2B /* Debug */ = {
			isa = XCBuildConfiguration;
			buildSettings = {
				ALWAYS_SEARCH_USER_PATHS = NO;
				CLANG_ANALYZER_NONNULL = YES;
				CLANG_ANALYZER_NUMBER_OBJECT_CONVERSION = YES_AGGRESSIVE;
				CLANG_CXX_LANGUAGE_STANDARD = "gnu++14";
				CLANG_CXX_LIBRARY = "libc++";
				CLANG_ENABLE_MODULES = YES;
				CLANG_ENABLE_OBJC_ARC = YES;
				CLANG_ENABLE_OBJC_WEAK = YES;
				CLANG_WARN_BLOCK_CAPTURE_AUTORELEASING = YES;
				CLANG_WARN_BOOL_CONVERSION = YES;
				CLANG_WARN_COMMA = YES;
				CLANG_WARN_CONSTANT_CONVERSION = YES;
				CLANG_WARN_DEPRECATED_OBJC_IMPLEMENTATIONS = YES;
				CLANG_WARN_DIRECT_OBJC_ISA_USAGE = YES_ERROR;
				CLANG_WARN_DOCUMENTATION_COMMENTS = YES;
				CLANG_WARN_EMPTY_BODY = YES;
				CLANG_WARN_ENUM_CONVERSION = YES;
				CLANG_WARN_INFINITE_RECURSION = YES;
				CLANG_WARN_INT_CONVERSION = YES;
				CLANG_WARN_NON_LITERAL_NULL_CONVERSION = YES;
				CLANG_WARN_OBJC_IMPLICIT_RETAIN_SELF = YES;
				CLANG_WARN_OBJC_LITERAL_CONVERSION = YES;
				CLANG_WARN_OBJC_ROOT_CLASS = YES_ERROR;
				CLANG_WARN_QUOTED_INCLUDE_IN_FRAMEWORK_HEADER = YES;
				CLANG_WARN_RANGE_LOOP_ANALYSIS = YES;
				CLANG_WARN_STRICT_PROTOTYPES = YES;
				CLANG_WARN_SUSPICIOUS_MOVE = YES;
				CLANG_WARN_UNGUARDED_AVAILABILITY = YES_AGGRESSIVE;
				CLANG_WARN_UNREACHABLE_CODE = YES;
				CLANG_WARN__DUPLICATE_METHOD_MATCH = YES;
				COPY_PHASE_STRIP = NO;
				CURRENT_PROJECT_VERSION = 11;
				DEBUG_INFORMATION_FORMAT = dwarf;
				ENABLE_STRICT_OBJC_MSGSEND = YES;
				ENABLE_TESTABILITY = YES;
				GCC_C_LANGUAGE_STANDARD = gnu11;
				GCC_DYNAMIC_NO_PIC = NO;
				GCC_NO_COMMON_BLOCKS = YES;
				GCC_OPTIMIZATION_LEVEL = 0;
				GCC_PREPROCESSOR_DEFINITIONS = (
					"$(inherited)",
					"DEBUG=1",
				);
				GCC_WARN_64_TO_32_BIT_CONVERSION = YES;
				GCC_WARN_ABOUT_RETURN_TYPE = YES_ERROR;
				GCC_WARN_UNDECLARED_SELECTOR = YES;
				GCC_WARN_UNINITIALIZED_AUTOS = YES_AGGRESSIVE;
				GCC_WARN_UNUSED_FUNCTION = YES;
				GCC_WARN_UNUSED_VARIABLE = YES;
				IPHONEOS_DEPLOYMENT_TARGET = 26.0;
				MARKETING_VERSION = 1.1.6;
				MTL_ENABLE_DEBUG_INFO = INCLUDE_SOURCE;
				MTL_FAST_MATH = YES;
				ONLY_ACTIVE_ARCH = YES;
				PRODUCT_NAME = "$(TARGET_NAME)";
				SDKROOT = iphoneos;
				SWIFT_ACTIVE_COMPILATION_CONDITIONS = DEBUG;
				SWIFT_OPTIMIZATION_LEVEL = "-Onone";
				SWIFT_VERSION = 6.2;
				TARGETED_DEVICE_FAMILY = 1;
			};
			name = Debug;
		};
		A400322D05324A78FD2366A3 /* Release */ = {
			isa = XCBuildConfiguration;
			buildSettings = {
				ALWAYS_SEARCH_USER_PATHS = NO;
				CLANG_ANALYZER_NONNULL = YES;
				CLANG_ANALYZER_NUMBER_OBJECT_CONVERSION = YES_AGGRESSIVE;
				CLANG_CXX_LANGUAGE_STANDARD = "gnu++14";
				CLANG_CXX_LIBRARY = "libc++";
				CLANG_ENABLE_MODULES = YES;
				CLANG_ENABLE_OBJC_ARC = YES;
				CLANG_ENABLE_OBJC_WEAK = YES;
				CLANG_WARN_BLOCK_CAPTURE_AUTORELEASING = YES;
				CLANG_WARN_BOOL_CONVERSION = YES;
				CLANG_WARN_COMMA = YES;
				CLANG_WARN_CONSTANT_CONVERSION = YES;
				CLANG_WARN_DEPRECATED_OBJC_IMPLEMENTATIONS = YES;
				CLANG_WARN_DIRECT_OBJC_ISA_USAGE = YES_ERROR;
				CLANG_WARN_DOCUMENTATION_COMMENTS = YES;
				CLANG_WARN_EMPTY_BODY = YES;
				CLANG_WARN_ENUM_CONVERSION = YES;
				CLANG_WARN_INFINITE_RECURSION = YES;
				CLANG_WARN_INT_CONVERSION = YES;
				CLANG_WARN_NON_LITERAL_NULL_CONVERSION = YES;
				CLANG_WARN_OBJC_IMPLICIT_RETAIN_SELF = YES;
				CLANG_WARN_OBJC_LITERAL_CONVERSION = YES;
				CLANG_WARN_OBJC_ROOT_CLASS = YES_ERROR;
				CLANG_WARN_QUOTED_INCLUDE_IN_FRAMEWORK_HEADER = YES;
				CLANG_WARN_RANGE_LOOP_ANALYSIS = YES;
				CLANG_WARN_STRICT_PROTOTYPES = YES;
				CLANG_WARN_SUSPICIOUS_MOVE = YES;
				CLANG_WARN_UNGUARDED_AVAILABILITY = YES_AGGRESSIVE;
				CLANG_WARN_UNREACHABLE_CODE = YES;
				CLANG_WARN__DUPLICATE_METHOD_MATCH = YES;
				COPY_PHASE_STRIP = NO;
				CURRENT_PROJECT_VERSION = 11;
				DEBUG_INFORMATION_FORMAT = "dwarf-with-dsym";
				ENABLE_NS_ASSERTIONS = NO;
				ENABLE_STRICT_OBJC_MSGSEND = YES;
				GCC_C_LANGUAGE_STANDARD = gnu11;
				GCC_NO_COMMON_BLOCKS = YES;
				GCC_WARN_64_TO_32_BIT_CONVERSION = YES;
				GCC_WARN_ABOUT_RETURN_TYPE = YES_ERROR;
				GCC_WARN_UNDECLARED_SELECTOR = YES;
				GCC_WARN_UNINITIALIZED_AUTOS = YES_AGGRESSIVE;
				GCC_WARN_UNUSED_FUNCTION = YES;
				GCC_WARN_UNUSED_VARIABLE = YES;
				IPHONEOS_DEPLOYMENT_TARGET = 26.0;
				MARKETING_VERSION = 1.1.6;
				MTL_ENABLE_DEBUG_INFO = NO;
				MTL_FAST_MATH = YES;
				PRODUCT_NAME = "$(TARGET_NAME)";
				SDKROOT = iphoneos;
				SWIFT_COMPILATION_MODE = wholemodule;
				SWIFT_OPTIMIZATION_LEVEL = "-O";
				SWIFT_VERSION = 6.2;
				TARGETED_DEVICE_FAMILY = 1;
			};
			name = Release;
		};
/* End XCBuildConfiguration section */

/* Begin XCConfigurationList section */
		4662593F9989E74A9E905376 /* Build configuration list for PBXNativeTarget "QuillKeyboard" */ = {
			isa = XCConfigurationList;
			buildConfigurations = (
				0D12D838EC47525C8046AA9D /* Debug */,
				37E5D1457A5E1AFF6202984D /* Release */,
			);
			defaultConfigurationIsVisible = 0;
			defaultConfigurationName = Release;
		};
		626C6C6011A78070956F318B /* Build configuration list for PBXNativeTarget "Quill" */ = {
			isa = XCConfigurationList;
			buildConfigurations = (
				76D9E6709DC61788E7520A2A /* Debug */,
				0557A5149EC172623E0B7934 /* Release */,
			);
			defaultConfigurationIsVisible = 0;
			defaultConfigurationName = Release;
		};
		687645BADF2A1CD9BA5D6451 /* Build configuration list for PBXProject "Quill" */ = {
			isa = XCConfigurationList;
			buildConfigurations = (
				8A763C425FD4792EF7303A2B /* Debug */,
				A400322D05324A78FD2366A3 /* Release */,
			);
			defaultConfigurationIsVisible = 0;
			defaultConfigurationName = Release;
		};
		B68B06F871FFC1D40DDEE8D8 /* Build configuration list for PBXNativeTarget "QuillKeyboardUITests" */ = {
			isa = XCConfigurationList;
			buildConfigurations = (
				6CECB412EFAB59D41541A73D /* Debug */,
				768456C9FA236FC3EE00B8A1 /* Release */,
			);
			defaultConfigurationIsVisible = 0;
			defaultConfigurationName = Release;
		};
/* End XCConfigurationList section */

/* Begin XCLocalSwiftPackageReference section */
		35F8A13E009E3E50E35CC124 /* XCLocalSwiftPackageReference "Packages/Models" */ = {
			isa = XCLocalSwiftPackageReference;
			relativePath = Packages/Models;
		};
		5B73F2194AF0A469412B59CA /* XCLocalSwiftPackageReference "Packages/KeyboardUI" */ = {
			isa = XCLocalSwiftPackageReference;
			relativePath = Packages/KeyboardUI;
		};
		A065D6E95F8850E08C044151 /* XCLocalSwiftPackageReference "Packages/RimeEngine" */ = {
			isa = XCLocalSwiftPackageReference;
			relativePath = Packages/RimeEngine;
		};
		AA7D5B3F77733F125556A8E4 /* XCLocalSwiftPackageReference "Packages/Sync" */ = {
			isa = XCLocalSwiftPackageReference;
			relativePath = Packages/Sync;
		};
/* End XCLocalSwiftPackageReference section */

/* Begin XCSwiftPackageProductDependency section */
		01472C7BEA1739BDFF2D5CE2 /* Models */ = {
			isa = XCSwiftPackageProductDependency;
			productName = Models;
		};
		10C5BDD3B7F785C041FF7F4A /* Sync */ = {
			isa = XCSwiftPackageProductDependency;
			productName = Sync;
		};
		2541843732188F8E55BE7392 /* KeyboardUI */ = {
			isa = XCSwiftPackageProductDependency;
			productName = KeyboardUI;
		};
		3D06582F475F825F8DF123D6 /* KeyboardUI */ = {
			isa = XCSwiftPackageProductDependency;
			productName = KeyboardUI;
		};
		44265536B2A75A8C692B56E7 /* Sync */ = {
			isa = XCSwiftPackageProductDependency;
			productName = Sync;
		};
		60F2FC1695A415863F437D01 /* RimeEngine */ = {
			isa = XCSwiftPackageProductDependency;
			productName = RimeEngine;
		};
		8C8EF1AB9532971F77D5D1C5 /* Sync */ = {
			isa = XCSwiftPackageProductDependency;
			productName = Sync;
		};
		C3E02357FFA6EC42F437584A /* RimeEngine */ = {
			isa = XCSwiftPackageProductDependency;
			productName = RimeEngine;
		};
		C839A22700EA32BE084428C0 /* Models */ = {
			isa = XCSwiftPackageProductDependency;
			productName = Models;
		};
		CB703CB693786EECD43A10D2 /* RimeEngine */ = {
			isa = XCSwiftPackageProductDependency;
			productName = RimeEngine;
		};
		F9189F850E6223AA5030D809 /* Models */ = {
			isa = XCSwiftPackageProductDependency;
			productName = Models;
		};
/* End XCSwiftPackageProductDependency section */
	};
	rootObject = 1D419A2DB66B4CDAD3E67ECA /* Project object */;
}
